
Microsoft Visual Studio Solution File, Format Version 12.00
# Visual Studio 2012
Project("{8BC9CEB8-8B4A-11D0-8D11-00A0C91BC942}") = "Sort", "Sort\Sort.vcxproj", "{4A4EB820-B74F-4181-B880-C6D17813C7EA}"
EndProject
Project("{8BC9CEB8-8B4A-11D0-8D11-00A0C91BC942}") = "DataStructure", "DataStructure\DataStructure.vcxproj", "{2379AD8D-8967-45E3-9B9F-DB3E66CA2951}"
EndProject
Project("{8BC9CEB8-8B4A-11D0-8D11-00A0C91BC942}") = "Daily", "Daily\Daily.vcxproj", "{95500765-CF5C-4BA0-A56D-0F4E8D5DF376}"
EndProject
Project("{8BC9CEB8-8B4A-11D0-8D11-00A0C91BC942}") = "DynamicProgramming", "DynamicProgramming\DynamicProgramming.vcxproj", "{847C976F-8DC4-4621-91DE-B591F56D2125}"
EndProject
Project("{8BC9CEB8-8B4A-11D0-8D11-00A0C91BC942}") = "AdvancedDataStructure", "AdvancedDataStructure\AdvancedDataStructure.vcxproj", "{37684C1A-AA34-4F80-8E36-12DD0EFD4B72}"
EndProject
Project("{8BC9CEB8-8B4A-11D0-8D11-00A0C91BC942}") = "Graph", "Graph\Graph.vcxproj", "{F97D26EA-5CCB-414E-92A1-D256E0729AE9}"
EndProject
Project("{8BC9CEB8-8B4A-11D0-8D11-00A0C91BC942}") = "DSAA", "DSAA\DSAA.vcxproj", "{D83BFA9A-B982-4F53-9E62-06E9A00CA3D0}"
EndProject
Global
	GlobalSection(SolutionConfigurationPlatforms) = preSolution
		Debug|Any CPU = Debug|Any CPU
		Debug|Mixed Platforms = Debug|Mixed Platforms
		Debug|Win32 = Debug|Win32
		Release|Any CPU = Release|Any CPU
		Release|Mixed Platforms = Release|Mixed Platforms
		Release|Win32 = Release|Win32
	EndGlobalSection
	GlobalSection(ProjectConfigurationPlatforms) = postSolution
		{4A4EB820-B74F-4181-B880-C6D17813C7EA}.Debug|Any CPU.ActiveCfg = Debug|Win32
		{4A4EB820-B74F-4181-B880-C6D17813C7EA}.Debug|Mixed Platforms.ActiveCfg = Debug|Win32
		{4A4EB820-B74F-4181-B880-C6D17813C7EA}.Debug|Mixed Platforms.Build.0 = Debug|Win32
		{4A4EB820-B74F-4181-B880-C6D17813C7EA}.Debug|Win32.ActiveCfg = Debug|Win32
		{4A4EB820-B74F-4181-B880-C6D17813C7EA}.Debug|Win32.Build.0 = Debug|Win32
		{4A4EB820-B74F-4181-B880-C6D17813C7EA}.Release|Any CPU.ActiveCfg = Release|Win32
		{4A4EB820-B74F-4181-B880-C6D17813C7EA}.Release|Mixed Platforms.ActiveCfg = Release|Win32
		{4A4EB820-B74F-4181-B880-C6D17813C7EA}.Release|Mixed Platforms.Build.0 = Release|Win32
		{4A4EB820-B74F-4181-B880-C6D17813C7EA}.Release|Win32.ActiveCfg = Release|Win32
		{4A4EB820-B74F-4181-B880-C6D17813C7EA}.Release|Win32.Build.0 = Release|Win32
		{2379AD8D-8967-45E3-9B9F-DB3E66CA2951}.Debug|Any CPU.ActiveCfg = Debug|Win32
		{2379AD8D-8967-45E3-9B9F-DB3E66CA2951}.Debug|Mixed Platforms.ActiveCfg = Debug|Win32
		{2379AD8D-8967-45E3-9B9F-DB3E66CA2951}.Debug|Mixed Platforms.Build.0 = Debug|Win32
		{2379AD8D-8967-45E3-9B9F-DB3E66CA2951}.Debug|Win32.ActiveCfg = Debug|Win32
		{2379AD8D-8967-45E3-9B9F-DB3E66CA2951}.Debug|Win32.Build.0 = Debug|Win32
		{2379AD8D-8967-45E3-9B9F-DB3E66CA2951}.Release|Any CPU.ActiveCfg = Release|Win32
		{2379AD8D-8967-45E3-9B9F-DB3E66CA2951}.Release|Mixed Platforms.ActiveCfg = Release|Win32
		{2379AD8D-8967-45E3-9B9F-DB3E66CA2951}.Release|Mixed Platforms.Build.0 = Release|Win32
		{2379AD8D-8967-45E3-9B9F-DB3E66CA2951}.Release|Win32.ActiveCfg = Release|Win32
		{2379AD8D-8967-45E3-9B9F-DB3E66CA2951}.Release|Win32.Build.0 = Release|Win32
		{95500765-CF5C-4BA0-A56D-0F4E8D5DF376}.Debug|Any CPU.ActiveCfg = Debug|Win32
		{95500765-CF5C-4BA0-A56D-0F4E8D5DF376}.Debug|Mixed Platforms.ActiveCfg = Debug|Win32
		{95500765-CF5C-4BA0-A56D-0F4E8D5DF376}.Debug|Mixed Platforms.Build.0 = Debug|Win32
		{95500765-CF5C-4BA0-A56D-0F4E8D5DF376}.Debug|Win32.ActiveCfg = Debug|Win32
		{95500765-CF5C-4BA0-A56D-0F4E8D5DF376}.Debug|Win32.Build.0 = Debug|Win32
		{95500765-CF5C-4BA0-A56D-0F4E8D5DF376}.Release|Any CPU.ActiveCfg = Release|Win32
		{95500765-CF5C-4BA0-A56D-0F4E8D5DF376}.Release|Mixed Platforms.ActiveCfg = Release|Win32
		{95500765-CF5C-4BA0-A56D-0F4E8D5DF376}.Release|Mixed Platforms.Build.0 = Release|Win32
		{95500765-CF5C-4BA0-A56D-0F4E8D5DF376}.Release|Win32.ActiveCfg = Release|Win32
		{95500765-CF5C-4BA0-A56D-0F4E8D5DF376}.Release|Win32.Build.0 = Release|Win32
		{847C976F-8DC4-4621-91DE-B591F56D2125}.Debug|Any CPU.ActiveCfg = Debug|Win32
		{847C976F-8DC4-4621-91DE-B591F56D2125}.Debug|Mixed Platforms.ActiveCfg = Debug|Win32
		{847C976F-8DC4-4621-91DE-B591F56D2125}.Debug|Mixed Platforms.Build.0 = Debug|Win32
		{847C976F-8DC4-4621-91DE-B591F56D2125}.Debug|Win32.ActiveCfg = Debug|Win32
		{847C976F-8DC4-4621-91DE-B591F56D2125}.Debug|Win32.Build.0 = Debug|Win32
		{847C976F-8DC4-4621-91DE-B591F56D2125}.Release|Any CPU.ActiveCfg = Release|Win32
		{847C976F-8DC4-4621-91DE-B591F56D2125}.Release|Mixed Platforms.ActiveCfg = Release|Win32
		{847C976F-8DC4-4621-91DE-B591F56D2125}.Release|Mixed Platforms.Build.0 = Release|Win32
		{847C976F-8DC4-4621-91DE-B591F56D2125}.Release|Win32.ActiveCfg = Release|Win32
		{847C976F-8DC4-4621-91DE-B591F56D2125}.Release|Win32.Build.0 = Release|Win32
		{37684C1A-AA34-4F80-8E36-12DD0EFD4B72}.Debug|Any CPU.ActiveCfg = Debug|Win32
		{37684C1A-AA34-4F80-8E36-12DD0EFD4B72}.Debug|Mixed Platforms.ActiveCfg = Debug|Win32
		{37684C1A-AA34-4F80-8E36-12DD0EFD4B72}.Debug|Mixed Platforms.Build.0 = Debug|Win32
		{37684C1A-AA34-4F80-8E36-12DD0EFD4B72}.Debug|Win32.ActiveCfg = Debug|Win32
		{37684C1A-AA34-4F80-8E36-12DD0EFD4B72}.Debug|Win32.Build.0 = Debug|Win32
		{37684C1A-AA34-4F80-8E36-12DD0EFD4B72}.Release|Any CPU.ActiveCfg = Release|Win32
		{37684C1A-AA34-4F80-8E36-12DD0EFD4B72}.Release|Mixed Platforms.ActiveCfg = Release|Win32
		{37684C1A-AA34-4F80-8E36-12DD0EFD4B72}.Release|Mixed Platforms.Build.0 = Release|Win32
		{37684C1A-AA34-4F80-8E36-12DD0EFD4B72}.Release|Win32.ActiveCfg = Release|Win32
		{37684C1A-AA34-4F80-8E36-12DD0EFD4B72}.Release|Win32.Build.0 = Release|Win32
		{F97D26EA-5CCB-414E-92A1-D256E0729AE9}.Debug|Any CPU.ActiveCfg = Debug|Win32
		{F97D26EA-5CCB-414E-92A1-D256E0729AE9}.Debug|Mixed Platforms.ActiveCfg = Debug|Win32
		{F97D26EA-5CCB-414E-92A1-D256E0729AE9}.Debug|Mixed Platforms.Build.0 = Debug|Win32
		{F97D26EA-5CCB-414E-92A1-D256E0729AE9}.Debug|Win32.ActiveCfg = Debug|Win32
		{F97D26EA-5CCB-414E-92A1-D256E0729AE9}.Debug|Win32.Build.0 = Debug|Win32
		{F97D26EA-5CCB-414E-92A1-D256E0729AE9}.Release|Any CPU.ActiveCfg = Release|Win32
		{F97D26EA-5CCB-414E-92A1-D256E0729AE9}.Release|Mixed Platforms.ActiveCfg = Release|Win32
		{F97D26EA-5CCB-414E-92A1-D256E0729AE9}.Release|Mixed Platforms.Build.0 = Release|Win32
		{F97D26EA-5CCB-414E-92A1-D256E0729AE9}.Release|Win32.ActiveCfg = Release|Win32
		{F97D26EA-5CCB-414E-92A1-D256E0729AE9}.Release|Win32.Build.0 = Release|Win32
		{D83BFA9A-B982-4F53-9E62-06E9A00CA3D0}.Debug|Any CPU.ActiveCfg = Debug|Win32
		{D83BFA9A-B982-4F53-9E62-06E9A00CA3D0}.Debug|Mixed Platforms.ActiveCfg = Debug|Win32
		{D83BFA9A-B982-4F53-9E62-06E9A00CA3D0}.Debug|Mixed Platforms.Build.0 = Debug|Win32
		{D83BFA9A-B982-4F53-9E62-06E9A00CA3D0}.Debug|Win32.ActiveCfg = Debug|Win32
		{D83BFA9A-B982-4F53-9E62-06E9A00CA3D0}.Debug|Win32.Build.0 = Debug|Win32
		{D83BFA9A-B982-4F53-9E62-06E9A00CA3D0}.Release|Any CPU.ActiveCfg = Release|Win32
		{D83BFA9A-B982-4F53-9E62-06E9A00CA3D0}.Release|Mixed Platforms.ActiveCfg = Release|Win32
		{D83BFA9A-B982-4F53-9E62-06E9A00CA3D0}.Release|Mixed Platforms.Build.0 = Release|Win32
		{D83BFA9A-B982-4F53-9E62-06E9A00CA3D0}.Release|Win32.ActiveCfg = Release|Win32
		{D83BFA9A-B982-4F53-9E62-06E9A00CA3D0}.Release|Win32.Build.0 = Release|Win32
	EndGlobalSection
	GlobalSection(SolutionProperties) = preSolution
		HideSolutionNode = FALSE
	EndGlobalSection
EndGlobal
